
Microsoft Visual Studio Solution File, Format Version 12.00
# Visual Studio 15
VisualStudioVersion = 15.0.28010.2019
MinimumVisualStudioVersion = 10.0.40219.1
Project("{2150E333-8FDC-42A3-9474-1A3956D46DE8}") = "Apps.RESTful.Services", "Apps.RESTful.Services", "{BBED23BA-6D44-4098-84D3-F3DBAFEDB6D5}"
EndProject
Project("{2150E333-8FDC-42A3-9474-1A3956D46DE8}") = "RESTful.Api", "RESTful.Api", "{44C5F01E-2D2B-4E76-9BC5-54240A3ACBBD}"
EndProject
Project("{FAE04EC0-301F-11D3-BF4B-00C04F79EFBC}") = "RESTful.Catalog.API", "RESTful.Catalog.API\RESTful.Catalog.API.csproj", "{45237C8C-99F3-4551-8ECE-B42EA991FEEF}"
EndProject
Global
	GlobalSection(SolutionConfigurationPlatforms) = preSolution
		Debug|Any CPU = Debug|Any CPU
		Release|Any CPU = Release|Any CPU
	EndGlobalSection
	GlobalSection(ProjectConfigurationPlatforms) = postSolution
		{45237C8C-99F3-4551-8ECE-B42EA991FEEF}.Debug|Any CPU.ActiveCfg = Debug|Any CPU
		{45237C8C-99F3-4551-8ECE-B42EA991FEEF}.Debug|Any CPU.Build.0 = Debug|Any CPU
		{45237C8C-99F3-4551-8ECE-B42EA991FEEF}.Release|Any CPU.ActiveCfg = Release|Any CPU
		{45237C8C-99F3-4551-8ECE-B42EA991FEEF}.Release|Any CPU.Build.0 = Release|Any CPU
	EndGlobalSection
	GlobalSection(SolutionProperties) = preSolution
		HideSolutionNode = FALSE
	EndGlobalSection
	GlobalSection(NestedProjects) = preSolution
		{44C5F01E-2D2B-4E76-9BC5-54240A3ACBBD} = {BBED23BA-6D44-4098-84D3-F3DBAFEDB6D5}
		{45237C8C-99F3-4551-8ECE-B42EA991FEEF} = {44C5F01E-2D2B-4E76-9BC5-54240A3ACBBD}
	EndGlobalSection
	GlobalSection(ExtensibilityGlobals) = postSolution
		SolutionGuid = {35ED5F6E-5E41-4D36-A3B3-18B48DDA01F8}
	EndGlobalSection
EndGlobal
